// !$*UTF8*$!
{
	archiveVersion = 1;
	classes = {
	};
	objectVersion = 46;
	objects = {

/* Begin PBXBuildFile section */
		CE7FFAF815BAA33C00FF99D0 /* UIKit.framework in Frameworks */ = {isa = PBXBuildFile; fileRef = CE7FFAF715BAA33C00FF99D0 /* UIKit.framework */; };
		CE7FFAFA15BAA33C00FF99D0 /* Foundation.framework in Frameworks */ = {isa = PBXBuildFile; fileRef = CE7FFAF915BAA33C00FF99D0 /* Foundation.framework */; };
		CE7FFAFC15BAA33C00FF99D0 /* CoreGraphics.framework in Frameworks */ = {isa = PBXBuildFile; fileRef = CE7FFAFB15BAA33C00FF99D0 /* CoreGraphics.framework */; };
		CE7FFB0215BAA33C00FF99D0 /* InfoPlist.strings in Resources */ = {isa = PBXBuildFile; fileRef = CE7FFB0015BAA33C00FF99D0 /* InfoPlist.strings */; };
		CE7FFB0415BAA33C00FF99D0 /* main.m in Sources */ = {isa = PBXBuildFile; fileRef = CE7FFB0315BAA33C00FF99D0 /* main.m */; };
		CE7FFB0815BAA33C00FF99D0 /* AppDelegate.m in Sources */ = {isa = PBXBuildFile; fileRef = CE7FFB0715BAA33C00FF99D0 /* AppDelegate.m */; };
		CE7FFB0B15BAA33D00FF99D0 /* ViewController.m in Sources */ = {isa = PBXBuildFile; fileRef = CE7FFB0A15BAA33D00FF99D0 /* ViewController.m */; };
		CE7FFB0E15BAA33D00FF99D0 /* ViewController.xib in Resources */ = {isa = PBXBuildFile; fileRef = CE7FFB0C15BAA33D00FF99D0 /* ViewController.xib */; };
/* End PBXBuildFile section */

/* Begin PBXFileReference section */
		CE7FFAF315BAA33C00FF99D0 /* Button.app */ = {isa = PBXFileReference; explicitFileType = wrapper.application; includeInIndex = 0; path = Button.app; sourceTree = BUILT_PRODUCTS_DIR; };
		CE7FFAF715BAA33C00FF99D0 /* UIKit.framework */ = {isa = PBXFileReference; lastKnownFileType = wrapper.framework; name = UIKit.framework; path = System/Library/Frameworks/UIKit.framework; sourceTree = SDKROOT; };
		CE7FFAF915BAA33C00FF99D0 /* Foundation.framework */ = {isa = PBXFileReference; lastKnownFileType = wrapper.framework; name = Foundation.framework; path = System/Library/Frameworks/Foundation.framework; sourceTree = SDKROOT; };
		CE7FFAFB15BAA33C00FF99D0 /* CoreGraphics.framework */ = {isa = PBXFileReference; lastKnownFileType = wrapper.framework; name = CoreGraphics.framework; path = System/Library/Frameworks/CoreGraphics.framework; sourceTree = SDKROOT; };
		CE7FFAFF15BAA33C00FF99D0 /* Button-Info.plist */ = {isa = PBXFileReference; lastKnownFileType = text.plist.xml; path = "Button-Info.plist"; sourceTree = "<group>"; };
		CE7FFB0115BAA33C00FF99D0 /* en */ = {isa = PBXFileReference; lastKnownFileType = text.plist.strings; name = en; path = en.lproj/InfoPlist.strings; sourceTree = "<group>"; };
		CE7FFB0315BAA33C00FF99D0 /* main.m */ = {isa = PBXFileReference; lastKnownFileType = sourcecode.c.objc; path = main.m; sourceTree = "<group>"; };
		CE7FFB0515BAA33C00FF99D0 /* Button-Prefix.pch */ = {isa = PBXFileReference; lastKnownFileType = sourcecode.c.h; path = "Button-Prefix.pch"; sourceTree = "<group>"; };
		CE7FFB0615BAA33C00FF99D0 /* AppDelegate.h */ = {isa = PBXFileReference; lastKnownFileType = sourcecode.c.h; path = AppDelegate.h; sourceTree = "<group>"; };
		CE7FFB0715BAA33C00FF99D0 /* AppDelegate.m */ = {isa = PBXFileReference; lastKnownFileType = sourcecode.c.objc; path = AppDelegate.m; sourceTree = "<group>"; };
		CE7FFB0915BAA33C00FF99D0 /* ViewController.h */ = {isa = PBXFileReference; lastKnownFileType = sourcecode.c.h; path = ViewController.h; sourceTree = "<group>"; };
		CE7FFB0A15BAA33D00FF99D0 /* ViewController.m */ = {isa = PBXFileReference; lastKnownFileType = sourcecode.c.objc; path = ViewController.m; sourceTree = "<group>"; };
		CE7FFB0D15BAA33D00FF99D0 /* en */ = {isa = PBXFileReference; lastKnownFileType = file.xib; name = en; path = en.lproj/ViewController.xib; sourceTree = "<group>"; };
/* End PBXFileReference section */

/* Begin PBXFrameworksBuildPhase section */
		CE7FFAF015BAA33C00FF99D0 /* Frameworks */ = {
			isa = PBXFrameworksBuildPhase;
			buildActionMask = 2147483647;
			files = (
				CE7FFAF815BAA33C00FF99D0 /* UIKit.framework in Frameworks */,
				CE7FFAFA15BAA33C00FF99D0 /* Foundation.framework in Frameworks */,
				CE7FFAFC15BAA33C00FF99D0 /* CoreGraphics.framework in Frameworks */,
			);
			runOnlyForDeploymentPostprocessing = 0;
		};
/* End PBXFrameworksBuildPhase section */

/* Begin PBXGroup section */
		CE7FFAE815BAA33B00FF99D0 = {
			isa = PBXGroup;
			children = (
				CE7FFAFD15BAA33C00FF99D0 /* Button */,
				CE7FFAF615BAA33C00FF99D0 /* Frameworks */,
				CE7FFAF415BAA33C00FF99D0 /* Products */,
			);
			sourceTree = "<group>";
		};
		CE7FFAF415BAA33C00FF99D0 /* Products */ = {
			isa = PBXGroup;
			children = (
				CE7FFAF315BAA33C00FF99D0 /* Button.app */,
			);
			name = Products;
			sourceTree = "<group>";
		};
		CE7FFAF615BAA33C00FF99D0 /* Frameworks */ = {
			isa = PBXGroup;
			children = (
				CE7FFAF715BAA33C00FF99D0 /* UIKit.framework */,
				CE7FFAF915BAA33C00FF99D0 /* Foundation.framework */,
				CE7FFAFB15BAA33C00FF99D0 /* CoreGraphics.framework */,
			);
			name = Frameworks;
			sourceTree = "<group>";
		};
		CE7FFAFD15BAA33C00FF99D0 /* Button */ = {
			isa = PBXGroup;
			children = (
				CE7FFB0615BAA33C00FF99D0 /* AppDelegate.h */,
				CE7FFB0715BAA33C00FF99D0 /* AppDelegate.m */,
				CE7FFB0915BAA33C00FF99D0 /* ViewController.h */,
				CE7FFB0A15BAA33D00FF99D0 /* ViewController.m */,
				CE7FFB0C15BAA33D00FF99D0 /* ViewController.xib */,
				CE7FFAFE15BAA33C00FF99D0 /* Supporting Files */,
			);
			path = Button;
			sourceTree = "<group>";
		};
		CE7FFAFE15BAA33C00FF99D0 /* Supporting Files */ = {
			isa = PBXGroup;
			children = (
				CE7FFAFF15BAA33C00FF99D0 /* Button-Info.plist */,
				CE7FFB0015BAA33C00FF99D0 /* InfoPlist.strings */,
				CE7FFB0315BAA33C00FF99D0 /* main.m */,
				CE7FFB0515BAA33C00FF99D0 /* Button-Prefix.pch */,
			);
			name = "Supporting Files";
			sourceTree = "<group>";
		};
/* End PBXGroup section */

/* Begin PBXNativeTarget section */
		CE7FFAF215BAA33C00FF99D0 /* Button */ = {
			isa = PBXNativeTarget;
			buildConfigurationList = CE7FFB1115BAA33D00FF99D0 /* Build configuration list for PBXNativeTarget "Button" */;
			buildPhases = (
				CE7FFAEF15BAA33C00FF99D0 /* Sources */,
				CE7FFAF015BAA33C00FF99D0 /* Frameworks */,
				CE7FFAF115BAA33C00FF99D0 /* Resources */,
			);
			buildRules = (
			);
			dependencies = (
			);
			name = Button;
			productName = Button;
			productReference = CE7FFAF315BAA33C00FF99D0 /* Button.app */;
			productType = "com.apple.product-type.application";
		};
/* End PBXNativeTarget section */

/* Begin PBXProject section */
		CE7FFAEA15BAA33B00FF99D0 /* Project object */ = {
			isa = PBXProject;
			attributes = {
				LastUpgradeCheck = 0430;
			};
			buildConfigurationList = CE7FFAED15BAA33B00FF99D0 /* Build configuration list for PBXProject "Button" */;
			compatibilityVersion = "Xcode 3.2";
			developmentRegion = English;
			hasScannedForEncodings = 0;
			knownRegions = (
				en,
			);
			mainGroup = CE7FFAE815BAA33B00FF99D0;
			productRefGroup = CE7FFAF415BAA33C00FF99D0 /* Products */;
			projectDirPath = "";
			projectRoot = "";
			targets = (
				CE7FFAF215BAA33C00FF99D0 /* Button */,
			);
		};
/* End PBXProject section */

/* Begin PBXResourcesBuildPhase section */
		CE7FFAF115BAA33C00FF99D0 /* Resources */ = {
			isa = PBXResourcesBuildPhase;
			buildActionMask = 2147483647;
			files = (
				CE7FFB0215BAA33C00FF99D0 /* InfoPlist.strings in Resources */,
				CE7FFB0E15BAA33D00FF99D0 /* ViewController.xib in Resources */,
			);
			runOnlyForDeploymentPostprocessing = 0;
		};
/* End PBXResourcesBuildPhase section */

/* Begin PBXSourcesBuildPhase section */
		CE7FFAEF15BAA33C00FF99D0 /* Sources */ = {
			isa = PBXSourcesBuildPhase;
			buildActionMask = 2147483647;
			files = (
				CE7FFB0415BAA33C00FF99D0 /* main.m in Sources */,
				CE7FFB0815BAA33C00FF99D0 /* AppDelegate.m in Sources */,
				CE7FFB0B15BAA33D00FF99D0 /* ViewController.m in Sources */,
			);
			runOnlyForDeploymentPostprocessing = 0;
		};
/* End PBXSourcesBuildPhase section */

/* Begin PBXVariantGroup section */
		CE7FFB0015BAA33C00FF99D0 /* InfoPlist.strings */ = {
			isa = PBXVariantGroup;
			children = (
				CE7FFB0115BAA33C00FF99D0 /* en */,
			);
			name = InfoPlist.strings;
			sourceTree = "<group>";
		};
		CE7FFB0C15BAA33D00FF99D0 /* ViewController.xib */ = {
			isa = PBXVariantGroup;
			children = (
				CE7FFB0D15BAA33D00FF99D0 /* en */,
			);
			name = ViewController.xib;
			sourceTree = "<group>";
		};
/* End PBXVariantGroup section */

/* Begin XCBuildConfiguration section */
		CE7FFB0F15BAA33D00FF99D0 /* Debug */ = {
			isa = XCBuildConfiguration;
			buildSettings = {
				ALWAYS_SEARCH_USER_PATHS = NO;
				ARCHS = "$(ARCHS_STANDARD_32_BIT)";
				"CODE_SIGN_IDENTITY[sdk=iphoneos*]" = "iPhone Developer";
				COPY_PHASE_STRIP = NO;
				GCC_C_LANGUAGE_STANDARD = gnu99;
				GCC_DYNAMIC_NO_PIC = NO;
				GCC_OPTIMIZATION_LEVEL = 0;
				GCC_PREPROCESSOR_DEFINITIONS = (
					"DEBUG=1",
					"$(inherited)",
				);
				GCC_SYMBOLS_PRIVATE_EXTERN = NO;
				GCC_VERSION = com.apple.compilers.llvm.clang.1_0;
				GCC_WARN_ABOUT_RETURN_TYPE = YES;
				GCC_WARN_UNINITIALIZED_AUTOS = YES;
				GCC_WARN_UNUSED_VARIABLE = YES;
				IPHONEOS_DEPLOYMENT_TARGET = 5.1;
				SDKROOT = iphoneos;
			};
			name = Debug;
		};
		CE7FFB1015BAA33D00FF99D0 /* Release */ = {
			isa = XCBuildConfiguration;
			buildSettings = {
				ALWAYS_SEARCH_USER_PATHS = NO;
				ARCHS = "$(ARCHS_STANDARD_32_BIT)";
				"CODE_SIGN_IDENTITY[sdk=iphoneos*]" = "iPhone Developer";
				COPY_PHASE_STRIP = YES;
				GCC_C_LANGUAGE_STANDARD = gnu99;
				GCC_VERSION = com.apple.compilers.llvm.clang.1_0;
				GCC_WARN_ABOUT_RETURN_TYPE = YES;
				GCC_WARN_UNINITIALIZED_AUTOS = YES;
				GCC_WARN_UNUSED_VARIABLE = YES;
				IPHONEOS_DEPLOYMENT_TARGET = 5.1;
				OTHER_CFLAGS = "-DNS_BLOCK_ASSERTIONS=1";
				SDKROOT = iphoneos;
				VALIDATE_PRODUCT = YES;
			};
			name = Release;
		};
		CE7FFB1215BAA33D00FF99D0 /* Debug */ = {
			isa = XCBuildConfiguration;
			buildSettings = {
				GCC_PRECOMPILE_PREFIX_HEADER = YES;
				GCC_PREFIX_HEADER = "Button/Button-Prefix.pch";
				INFOPLIST_FILE = "Button/Button-Info.plist";
				PRODUCT_NAME = "$(TARGET_NAME)";
				WRAPPER_EXTENSION = app;
			};
			name = Debug;
		};
		CE7FFB1315BAA33D00FF99D0 /* Release */ = {
			isa = XCBuildConfiguration;
			buildSettings = {
				GCC_PRECOMPILE_PREFIX_HEADER = YES;
				GCC_PREFIX_HEADER = "Button/Button-Prefix.pch";
				INFOPLIST_FILE = "Button/Button-Info.plist";
				PRODUCT_NAME = "$(TARGET_NAME)";
				WRAPPER_EXTENSION = app;
			};
			name = Release;
		};
/* End XCBuildConfiguration section */

/* Begin XCConfigurationList section */
		CE7FFAED15BAA33B00FF99D0 /* Build configuration list for PBXProject "Button" */ = {
			isa = XCConfigurationList;
			buildConfigurations = (
				CE7FFB0F15BAA33D00FF99D0 /* Debug */,
				CE7FFB1015BAA33D00FF99D0 /* Release */,
			);
			defaultConfigurationIsVisible = 0;
			defaultConfigurationName = Release;
		};
		CE7FFB1115BAA33D00FF99D0 /* Build configuration list for PBXNativeTarget "Button" */ = {
			isa = XCConfigurationList;
			buildConfigurations = (
				CE7FFB1215BAA33D00FF99D0 /* Debug */,
				CE7FFB1315BAA33D00FF99D0 /* Release */,
			);
			defaultConfigurationIsVisible = 0;
		};
/* End XCConfigurationList section */
	};
	rootObject = CE7FFAEA15BAA33B00FF99D0 /* Project object */;
}
